
Microsoft Visual Studio Solution File, Format Version 12.00
# Visual Studio 15
VisualStudioVersion = 15.0.26430.16
MinimumVisualStudioVersion = 10.0.40219.1
Project("{FAE04EC0-301F-11D3-BF4B-00C04F79EFBC}") = "02.MaxMethod", "MaxMethod\02.MaxMethod.csproj", "{F8AD7DD0-ECB0-4D9F-8D09-7C80E78B96EE}"
EndProject
Project("{FAE04EC0-301F-11D3-BF4B-00C04F79EFBC}") = "03.EnglishNameOfLastDigit", "EnglishNameOfLastDigit\03.EnglishNameOfLastDigit.csproj", "{209A7080-AD81-4DFA-BBB9-BC0F6006E094}"
EndProject
Project("{FAE04EC0-301F-11D3-BF4B-00C04F79EFBC}") = "Temp", "Temp\Temp.csproj", "{47854FDE-B07E-40CE-ADF8-393FDDA58565}"
EndProject
Project("{FAE04EC0-301F-11D3-BF4B-00C04F79EFBC}") = "demo", "demo\demo.csproj", "{D6B65BF0-A75B-465F-8AC1-E13B345C86C9}"
EndProject
Project("{FAE04EC0-301F-11D3-BF4B-00C04F79EFBC}") = "04.NumbersInReversedOrder", "NumbersInReversedOrder\04.NumbersInReversedOrder.csproj", "{5CF80528-2691-43DB-9699-EC7A5A5FBDA4}"
EndProject
Project("{FAE04EC0-301F-11D3-BF4B-00C04F79EFBC}") = "05.FibonacciNumbers", "FibonacciNumbers\05.FibonacciNumbers.csproj", "{8B2E3B61-4FBC-46B3-B8F5-F01F2DAE6020}"
EndProject
Project("{FAE04EC0-301F-11D3-BF4B-00C04F79EFBC}") = "06.Prime Checker", "Prime Checker\06.Prime Checker.csproj", "{25E1E15B-632E-48B8-B9DB-D1D8B94FCA1A}"
EndProject
Project("{FAE04EC0-301F-11D3-BF4B-00C04F79EFBC}") = "07.PrimesInGivenRange", "PrimesInGivenRange\07.PrimesInGivenRange.csproj", "{415C721B-7A8E-4A60-A772-6229856DADE1}"
EndProject
Project("{FAE04EC0-301F-11D3-BF4B-00C04F79EFBC}") = "08.CenterPoint", "CenterPoint\08.CenterPoint.csproj", "{02430986-A681-4288-9058-7A2E133015F1}"
EndProject
Project("{FAE04EC0-301F-11D3-BF4B-00C04F79EFBC}") = "09.LongerLine", "LongerLine\09.LongerLine.csproj", "{A67FE155-B968-4EE9-8421-1C577848712E}"
EndProject
Project("{FAE04EC0-301F-11D3-BF4B-00C04F79EFBC}") = "10.CubeProperties", "CubeProperties\10.CubeProperties.csproj", "{F894CBBB-54E5-4687-9ECE-557D9A22017E}"
EndProject
Project("{FAE04EC0-301F-11D3-BF4B-00C04F79EFBC}") = "11.GeometryCalculator", "GeometryCalculator\11.GeometryCalculator.csproj", "{47444A68-4EA3-4EC6-989C-B5BD6B2DFBE3}"
EndProject
Project("{FAE04EC0-301F-11D3-BF4B-00C04F79EFBC}") = "12.MasterNumbers", "MasterNumbers\12.MasterNumbers.csproj", "{9D4DE7CA-C2BB-4703-9440-B98255533E85}"
EndProject
Project("{FAE04EC0-301F-11D3-BF4B-00C04F79EFBC}") = "13.Factorial", "Factorial\13.Factorial.csproj", "{EB96A795-909D-41FE-A3DC-C69929672756}"
EndProject
Project("{FAE04EC0-301F-11D3-BF4B-00C04F79EFBC}") = "14.FactorialTrailingZeroes", "FactorialTrailingZeroes\14.FactorialTrailingZeroes.csproj", "{06E4BFBC-9F0A-442A-B4E6-873A63F6C6EB}"
EndProject
Project("{FAE04EC0-301F-11D3-BF4B-00C04F79EFBC}") = "15.DebuggingExercisSubstring", "DebuggingExercisSubstring\15.DebuggingExercisSubstring.csproj", "{BB3A8757-673D-457A-9FA3-38CDD866A2A0}"
EndProject
Project("{FAE04EC0-301F-11D3-BF4B-00C04F79EFBC}") = "16.DebuggingExerciseInstructionSet", "DebuggingExerciseInstructionSet\16.DebuggingExerciseInstructionSet.csproj", "{B1D42D4A-EE28-4F2A-A593-F070B14AD4F1}"
EndProject
Project("{FAE04EC0-301F-11D3-BF4B-00C04F79EFBC}") = "17.DebuggingBePositive", "DebuggingBePositive\17.DebuggingBePositive.csproj", "{7ED73054-8CAC-46EF-8D26-0F606A697CD0}"
EndProject
Project("{FAE04EC0-301F-11D3-BF4B-00C04F79EFBC}") = "18.SequenceOfCommands", "SequenceOfCommands\18.SequenceOfCommands.csproj", "{F2D01EC9-B797-4C35-B401-BEB504881617}"
EndProject
Global
	GlobalSection(SolutionConfigurationPlatforms) = preSolution
		Debug|Any CPU = Debug|Any CPU
		Release|Any CPU = Release|Any CPU
	EndGlobalSection
	GlobalSection(ProjectConfigurationPlatforms) = postSolution
		{F8AD7DD0-ECB0-4D9F-8D09-7C80E78B96EE}.Debug|Any CPU.ActiveCfg = Debug|Any CPU
		{F8AD7DD0-ECB0-4D9F-8D09-7C80E78B96EE}.Debug|Any CPU.Build.0 = Debug|Any CPU
		{F8AD7DD0-ECB0-4D9F-8D09-7C80E78B96EE}.Release|Any CPU.ActiveCfg = Release|Any CPU
		{F8AD7DD0-ECB0-4D9F-8D09-7C80E78B96EE}.Release|Any CPU.Build.0 = Release|Any CPU
		{209A7080-AD81-4DFA-BBB9-BC0F6006E094}.Debug|Any CPU.ActiveCfg = Debug|Any CPU
		{209A7080-AD81-4DFA-BBB9-BC0F6006E094}.Debug|Any CPU.Build.0 = Debug|Any CPU
		{209A7080-AD81-4DFA-BBB9-BC0F6006E094}.Release|Any CPU.ActiveCfg = Release|Any CPU
		{209A7080-AD81-4DFA-BBB9-BC0F6006E094}.Release|Any CPU.Build.0 = Release|Any CPU
		{47854FDE-B07E-40CE-ADF8-393FDDA58565}.Debug|Any CPU.ActiveCfg = Debug|Any CPU
		{47854FDE-B07E-40CE-ADF8-393FDDA58565}.Debug|Any CPU.Build.0 = Debug|Any CPU
		{47854FDE-B07E-40CE-ADF8-393FDDA58565}.Release|Any CPU.ActiveCfg = Release|Any CPU
		{47854FDE-B07E-40CE-ADF8-393FDDA58565}.Release|Any CPU.Build.0 = Release|Any CPU
		{D6B65BF0-A75B-465F-8AC1-E13B345C86C9}.Debug|Any CPU.ActiveCfg = Debug|Any CPU
		{D6B65BF0-A75B-465F-8AC1-E13B345C86C9}.Debug|Any CPU.Build.0 = Debug|Any CPU
		{D6B65BF0-A75B-465F-8AC1-E13B345C86C9}.Release|Any CPU.ActiveCfg = Release|Any CPU
		{D6B65BF0-A75B-465F-8AC1-E13B345C86C9}.Release|Any CPU.Build.0 = Release|Any CPU
		{5CF80528-2691-43DB-9699-EC7A5A5FBDA4}.Debug|Any CPU.ActiveCfg = Debug|Any CPU
		{5CF80528-2691-43DB-9699-EC7A5A5FBDA4}.Debug|Any CPU.Build.0 = Debug|Any CPU
		{5CF80528-2691-43DB-9699-EC7A5A5FBDA4}.Release|Any CPU.ActiveCfg = Release|Any CPU
		{5CF80528-2691-43DB-9699-EC7A5A5FBDA4}.Release|Any CPU.Build.0 = Release|Any CPU
		{8B2E3B61-4FBC-46B3-B8F5-F01F2DAE6020}.Debug|Any CPU.ActiveCfg = Debug|Any CPU
		{8B2E3B61-4FBC-46B3-B8F5-F01F2DAE6020}.Debug|Any CPU.Build.0 = Debug|Any CPU
		{8B2E3B61-4FBC-46B3-B8F5-F01F2DAE6020}.Release|Any CPU.ActiveCfg = Release|Any CPU
		{8B2E3B61-4FBC-46B3-B8F5-F01F2DAE6020}.Release|Any CPU.Build.0 = Release|Any CPU
		{25E1E15B-632E-48B8-B9DB-D1D8B94FCA1A}.Debug|Any CPU.ActiveCfg = Debug|Any CPU
		{25E1E15B-632E-48B8-B9DB-D1D8B94FCA1A}.Debug|Any CPU.Build.0 = Debug|Any CPU
		{25E1E15B-632E-48B8-B9DB-D1D8B94FCA1A}.Release|Any CPU.ActiveCfg = Release|Any CPU
		{25E1E15B-632E-48B8-B9DB-D1D8B94FCA1A}.Release|Any CPU.Build.0 = Release|Any CPU
		{415C721B-7A8E-4A60-A772-6229856DADE1}.Debug|Any CPU.ActiveCfg = Debug|Any CPU
		{415C721B-7A8E-4A60-A772-6229856DADE1}.Debug|Any CPU.Build.0 = Debug|Any CPU
		{415C721B-7A8E-4A60-A772-6229856DADE1}.Release|Any CPU.ActiveCfg = Release|Any CPU
		{415C721B-7A8E-4A60-A772-6229856DADE1}.Release|Any CPU.Build.0 = Release|Any CPU
		{02430986-A681-4288-9058-7A2E133015F1}.Debug|Any CPU.ActiveCfg = Debug|Any CPU
		{02430986-A681-4288-9058-7A2E133015F1}.Debug|Any CPU.Build.0 = Debug|Any CPU
		{02430986-A681-4288-9058-7A2E133015F1}.Release|Any CPU.ActiveCfg = Release|Any CPU
		{02430986-A681-4288-9058-7A2E133015F1}.Release|Any CPU.Build.0 = Release|Any CPU
		{A67FE155-B968-4EE9-8421-1C577848712E}.Debug|Any CPU.ActiveCfg = Debug|Any CPU
		{A67FE155-B968-4EE9-8421-1C577848712E}.Debug|Any CPU.Build.0 = Debug|Any CPU
		{A67FE155-B968-4EE9-8421-1C577848712E}.Release|Any CPU.ActiveCfg = Release|Any CPU
		{A67FE155-B968-4EE9-8421-1C577848712E}.Release|Any CPU.Build.0 = Release|Any CPU
		{F894CBBB-54E5-4687-9ECE-557D9A22017E}.Debug|Any CPU.ActiveCfg = Debug|Any CPU
		{F894CBBB-54E5-4687-9ECE-557D9A22017E}.Debug|Any CPU.Build.0 = Debug|Any CPU
		{F894CBBB-54E5-4687-9ECE-557D9A22017E}.Release|Any CPU.ActiveCfg = Release|Any CPU
		{F894CBBB-54E5-4687-9ECE-557D9A22017E}.Release|Any CPU.Build.0 = Release|Any CPU
		{47444A68-4EA3-4EC6-989C-B5BD6B2DFBE3}.Debug|Any CPU.ActiveCfg = Debug|Any CPU
		{47444A68-4EA3-4EC6-989C-B5BD6B2DFBE3}.Debug|Any CPU.Build.0 = Debug|Any CPU
		{47444A68-4EA3-4EC6-989C-B5BD6B2DFBE3}.Release|Any CPU.ActiveCfg = Release|Any CPU
		{47444A68-4EA3-4EC6-989C-B5BD6B2DFBE3}.Release|Any CPU.Build.0 = Release|Any CPU
		{9D4DE7CA-C2BB-4703-9440-B98255533E85}.Debug|Any CPU.ActiveCfg = Debug|Any CPU
		{9D4DE7CA-C2BB-4703-9440-B98255533E85}.Debug|Any CPU.Build.0 = Debug|Any CPU
		{9D4DE7CA-C2BB-4703-9440-B98255533E85}.Release|Any CPU.ActiveCfg = Release|Any CPU
		{9D4DE7CA-C2BB-4703-9440-B98255533E85}.Release|Any CPU.Build.0 = Release|Any CPU
		{EB96A795-909D-41FE-A3DC-C69929672756}.Debug|Any CPU.ActiveCfg = Debug|Any CPU
		{EB96A795-909D-41FE-A3DC-C69929672756}.Debug|Any CPU.Build.0 = Debug|Any CPU
		{EB96A795-909D-41FE-A3DC-C69929672756}.Release|Any CPU.ActiveCfg = Release|Any CPU
		{EB96A795-909D-41FE-A3DC-C69929672756}.Release|Any CPU.Build.0 = Release|Any CPU
		{06E4BFBC-9F0A-442A-B4E6-873A63F6C6EB}.Debug|Any CPU.ActiveCfg = Debug|Any CPU
		{06E4BFBC-9F0A-442A-B4E6-873A63F6C6EB}.Debug|Any CPU.Build.0 = Debug|Any CPU
		{06E4BFBC-9F0A-442A-B4E6-873A63F6C6EB}.Release|Any CPU.ActiveCfg = Release|Any CPU
		{06E4BFBC-9F0A-442A-B4E6-873A63F6C6EB}.Release|Any CPU.Build.0 = Release|Any CPU
		{BB3A8757-673D-457A-9FA3-38CDD866A2A0}.Debug|Any CPU.ActiveCfg = Debug|Any CPU
		{BB3A8757-673D-457A-9FA3-38CDD866A2A0}.Debug|Any CPU.Build.0 = Debug|Any CPU
		{BB3A8757-673D-457A-9FA3-38CDD866A2A0}.Release|Any CPU.ActiveCfg = Release|Any CPU
		{BB3A8757-673D-457A-9FA3-38CDD866A2A0}.Release|Any CPU.Build.0 = Release|Any CPU
		{B1D42D4A-EE28-4F2A-A593-F070B14AD4F1}.Debug|Any CPU.ActiveCfg = Debug|Any CPU
		{B1D42D4A-EE28-4F2A-A593-F070B14AD4F1}.Debug|Any CPU.Build.0 = Debug|Any CPU
		{B1D42D4A-EE28-4F2A-A593-F070B14AD4F1}.Release|Any CPU.ActiveCfg = Release|Any CPU
		{B1D42D4A-EE28-4F2A-A593-F070B14AD4F1}.Release|Any CPU.Build.0 = Release|Any CPU
		{7ED73054-8CAC-46EF-8D26-0F606A697CD0}.Debug|Any CPU.ActiveCfg = Debug|Any CPU
		{7ED73054-8CAC-46EF-8D26-0F606A697CD0}.Debug|Any CPU.Build.0 = Debug|Any CPU
		{7ED73054-8CAC-46EF-8D26-0F606A697CD0}.Release|Any CPU.ActiveCfg = Release|Any CPU
		{7ED73054-8CAC-46EF-8D26-0F606A697CD0}.Release|Any CPU.Build.0 = Release|Any CPU
		{F2D01EC9-B797-4C35-B401-BEB504881617}.Debug|Any CPU.ActiveCfg = Debug|Any CPU
		{F2D01EC9-B797-4C35-B401-BEB504881617}.Debug|Any CPU.Build.0 = Debug|Any CPU
		{F2D01EC9-B797-4C35-B401-BEB504881617}.Release|Any CPU.ActiveCfg = Release|Any CPU
		{F2D01EC9-B797-4C35-B401-BEB504881617}.Release|Any CPU.Build.0 = Release|Any CPU
	EndGlobalSection
	GlobalSection(SolutionProperties) = preSolution
		HideSolutionNode = FALSE
	EndGlobalSection
EndGlobal
